
Microsoft Visual Studio Solution File, Format Version 12.00
# Visual Studio 15
VisualStudioVersion = 15.0.26430.15
MinimumVisualStudioVersion = 10.0.40219.1
Project("{FAE04EC0-301F-11D3-BF4B-00C04F79EFBC}") = "EZBlocker", "EZBlocker\EZBlocker.csproj", "{2B3E4039-E08F-4919-99D9-B7000FAE7B1B}"
	ProjectSection(ProjectDependencies) = postProject
		{B9AE5352-E55B-4126-9B63-349B02A252D3} = {B9AE5352-E55B-4126-9B63-349B02A252D3}
	EndProjectSection
EndProject
Project("{FAE04EC0-301F-11D3-BF4B-00C04F79EFBC}") = "CoreAudio", "CoreAudio\CoreAudio.csproj", "{B9AE5352-E55B-4126-9B63-349B02A252D3}"
EndProject
Global
	GlobalSection(SolutionConfigurationPlatforms) = preSolution
		Debug|Any CPU = Debug|Any CPU
		Release|Any CPU = Release|Any CPU
	EndGlobalSection
	GlobalSection(ProjectConfigurationPlatforms) = postSolution
		{2B3E4039-E08F-4919-99D9-B7000FAE7B1B}.Debug|Any CPU.ActiveCfg = Debug|Any CPU
		{2B3E4039-E08F-4919-99D9-B7000FAE7B1B}.Debug|Any CPU.Build.0 = Debug|Any CPU
		{2B3E4039-E08F-4919-99D9-B7000FAE7B1B}.Release|Any CPU.ActiveCfg = Release|Any CPU
		{2B3E4039-E08F-4919-99D9-B7000FAE7B1B}.Release|Any CPU.Build.0 = Release|Any CPU
		{B9AE5352-E55B-4126-9B63-349B02A252D3}.Debug|Any CPU.ActiveCfg = Debug|Any CPU
		{B9AE5352-E55B-4126-9B63-349B02A252D3}.Debug|Any CPU.Build.0 = Debug|Any CPU
		{B9AE5352-E55B-4126-9B63-349B02A252D3}.Release|Any CPU.ActiveCfg = Release|Any CPU
		{B9AE5352-E55B-4126-9B63-349B02A252D3}.Release|Any CPU.Build.0 = Release|Any CPU
	EndGlobalSection
	GlobalSection(SolutionProperties) = preSolution
		HideSolutionNode = FALSE
	EndGlobalSection
EndGlobal
