
Microsoft Visual Studio Solution File, Format Version 12.00
# Visual Studio Version 16
VisualStudioVersion = 16.0.30011.22
MinimumVisualStudioVersion = 10.0.40219.1
Project("{FAE04EC0-301F-11D3-BF4B-00C04F79EFBC}") = "EZBlocker", "EZBlocker\EZBlocker.csproj", "{32C0D43C-E0F1-46D6-8661-EF5BE2566BA8}"
EndProject
Global
	GlobalSection(SolutionConfigurationPlatforms) = preSolution
		Debug|Any CPU = Debug|Any CPU
		Debug|x86 = Debug|x86
		Release|Any CPU = Release|Any CPU
		Release|x86 = Release|x86
	EndGlobalSection
	GlobalSection(ProjectConfigurationPlatforms) = postSolution
		{32C0D43C-E0F1-46D6-8661-EF5BE2566BA8}.Debug|Any CPU.ActiveCfg = Debug|Any CPU
		{32C0D43C-E0F1-46D6-8661-EF5BE2566BA8}.Debug|Any CPU.Build.0 = Debug|Any CPU
		{32C0D43C-E0F1-46D6-8661-EF5BE2566BA8}.Debug|x86.ActiveCfg = Debug|Any CPU
		{32C0D43C-E0F1-46D6-8661-EF5BE2566BA8}.Release|Any CPU.ActiveCfg = Release|Any CPU
		{32C0D43C-E0F1-46D6-8661-EF5BE2566BA8}.Release|Any CPU.Build.0 = Release|Any CPU
		{32C0D43C-E0F1-46D6-8661-EF5BE2566BA8}.Release|x86.ActiveCfg = Release|Any CPU
	EndGlobalSection
	GlobalSection(SolutionProperties) = preSolution
		HideSolutionNode = FALSE
	EndGlobalSection
	GlobalSection(ExtensibilityGlobals) = postSolution
		SolutionGuid = {CAB89B60-EA34-488D-8079-171E440096C8}
	EndGlobalSection
EndGlobal
